// !$*UTF8*$!
{
	archiveVersion = 1;
	classes = {
	};
	objectVersion = 46;
	objects = {

/* Begin PBXBuildFile section */
		3E236F261C604B6F007428EC /* DetailViewController.swift in Sources */ = {isa = PBXBuildFile; fileRef = 3E236F251C604B6F007428EC /* DetailViewController.swift */; };
		3E4CBFE31C535C0E0092DED8 /* AppDelegate.swift in Sources */ = {isa = PBXBuildFile; fileRef = 3E4CBFE21C535C0E0092DED8 /* AppDelegate.swift */; };
		3E4CBFE81C535C0E0092DED8 /* Main.storyboard in Resources */ = {isa = PBXBuildFile; fileRef = 3E4CBFE61C535C0E0092DED8 /* Main.storyboard */; };
		3E4CBFEA1C535C0E0092DED8 /* Assets.xcassets in Resources */ = {isa = PBXBuildFile; fileRef = 3E4CBFE91C535C0E0092DED8 /* Assets.xcassets */; };
		3E4CBFED1C535C0E0092DED8 /* LaunchScreen.storyboard in Resources */ = {isa = PBXBuildFile; fileRef = 3E4CBFEB1C535C0E0092DED8 /* LaunchScreen.storyboard */; };
		3E4CBFF51C535D170092DED8 /* MoviesViewController.swift in Sources */ = {isa = PBXBuildFile; fileRef = 3E4CBFF41C535D170092DED8 /* MoviesViewController.swift */; };
		3E92A8951C5E167B00E89E0C /* MovieCell.swift in Sources */ = {isa = PBXBuildFile; fileRef = 3E92A8941C5E167B00E89E0C /* MovieCell.swift */; };
		7FB08EDDF6AE0600C8247B88 /* Pods_MovieViewer.framework in Frameworks */ = {isa = PBXBuildFile; fileRef = DDFC4843C8BDB521A563AFD7 /* Pods_MovieViewer.framework */; };
/* End PBXBuildFile section */

/* Begin PBXFileReference section */
		3E236F251C604B6F007428EC /* DetailViewController.swift */ = {isa = PBXFileReference; fileEncoding = 4; lastKnownFileType = sourcecode.swift; path = DetailViewController.swift; sourceTree = "<group>"; };
		3E4CBFDF1C535C0E0092DED8 /* MovieViewer.app */ = {isa = PBXFileReference; explicitFileType = wrapper.application; includeInIndex = 0; path = MovieViewer.app; sourceTree = BUILT_PRODUCTS_DIR; };
		3E4CBFE21C535C0E0092DED8 /* AppDelegate.swift */ = {isa = PBXFileReference; lastKnownFileType = sourcecode.swift; path = AppDelegate.swift; sourceTree = "<group>"; };
		3E4CBFE71C535C0E0092DED8 /* Base */ = {isa = PBXFileReference; lastKnownFileType = file.storyboard; name = Base; path = Base.lproj/Main.storyboard; sourceTree = "<group>"; };
		3E4CBFE91C535C0E0092DED8 /* Assets.xcassets */ = {isa = PBXFileReference; lastKnownFileType = folder.assetcatalog; path = Assets.xcassets; sourceTree = "<group>"; };
		3E4CBFEC1C535C0E0092DED8 /* Base */ = {isa = PBXFileReference; lastKnownFileType = file.storyboard; name = Base; path = Base.lproj/LaunchScreen.storyboard; sourceTree = "<group>"; };
		3E4CBFEE1C535C0E0092DED8 /* Info.plist */ = {isa = PBXFileReference; lastKnownFileType = text.plist.xml; path = Info.plist; sourceTree = "<group>"; };
		3E4CBFF41C535D170092DED8 /* MoviesViewController.swift */ = {isa = PBXFileReference; fileEncoding = 4; lastKnownFileType = sourcecode.swift; name = MoviesViewController.swift; path = ../MoviesViewController.swift; sourceTree = "<group>"; };
		3E92A8941C5E167B00E89E0C /* MovieCell.swift */ = {isa = PBXFileReference; fileEncoding = 4; lastKnownFileType = sourcecode.swift; path = MovieCell.swift; sourceTree = "<group>"; };
		603F2B75D58669D588433E68 /* Pods-MovieViewer.release.xcconfig */ = {isa = PBXFileReference; includeInIndex = 1; lastKnownFileType = text.xcconfig; name = "Pods-MovieViewer.release.xcconfig"; path = "Pods/Target Support Files/Pods-MovieViewer/Pods-MovieViewer.release.xcconfig"; sourceTree = "<group>"; };
		D439508F463DE5B0A71CEFBF /* Pods-MovieViewer.debug.xcconfig */ = {isa = PBXFileReference; includeInIndex = 1; lastKnownFileType = text.xcconfig; name = "Pods-MovieViewer.debug.xcconfig"; path = "Pods/Target Support Files/Pods-MovieViewer/Pods-MovieViewer.debug.xcconfig"; sourceTree = "<group>"; };
		DDFC4843C8BDB521A563AFD7 /* Pods_MovieViewer.framework */ = {isa = PBXFileReference; explicitFileType = wrapper.framework; includeInIndex = 0; path = Pods_MovieViewer.framework; sourceTree = BUILT_PRODUCTS_DIR; };
/* End PBXFileReference section */

/* Begin PBXFrameworksBuildPhase section */
		3E4CBFDC1C535C0E0092DED8 /* Frameworks */ = {
			isa = PBXFrameworksBuildPhase;
			buildActionMask = 2147483647;
			files = (
				7FB08EDDF6AE0600C8247B88 /* Pods_MovieViewer.framework in Frameworks */,
			);
			runOnlyForDeploymentPostprocessing = 0;
		};
/* End PBXFrameworksBuildPhase section */

/* Begin PBXGroup section */
		103DB434EB25E3D0070F3A12 /* Frameworks */ = {
			isa = PBXGroup;
			children = (
				DDFC4843C8BDB521A563AFD7 /* Pods_MovieViewer.framework */,
			);
			name = Frameworks;
			sourceTree = "<group>";
		};
		10CA266EBBC5FE3978D3E905 /* Pods */ = {
			isa = PBXGroup;
			children = (
				D439508F463DE5B0A71CEFBF /* Pods-MovieViewer.debug.xcconfig */,
				603F2B75D58669D588433E68 /* Pods-MovieViewer.release.xcconfig */,
			);
			name = Pods;
			sourceTree = "<group>";
		};
		3E4CBFD61C535C0E0092DED8 = {
			isa = PBXGroup;
			children = (
				3E4CBFE11C535C0E0092DED8 /* MovieViewer */,
				3E4CBFE01C535C0E0092DED8 /* Products */,
				10CA266EBBC5FE3978D3E905 /* Pods */,
				103DB434EB25E3D0070F3A12 /* Frameworks */,
			);
			sourceTree = "<group>";
		};
		3E4CBFE01C535C0E0092DED8 /* Products */ = {
			isa = PBXGroup;
			children = (
				3E4CBFDF1C535C0E0092DED8 /* MovieViewer.app */,
			);
			name = Products;
			sourceTree = "<group>";
		};
		3E4CBFE11C535C0E0092DED8 /* MovieViewer */ = {
			isa = PBXGroup;
			children = (
				3E4CBFF91C5368010092DED8 /* View Controllers */,
				3E4CBFF61C5367BF0092DED8 /* Views */,
				3E4CBFE21C535C0E0092DED8 /* AppDelegate.swift */,
				3E4CBFE61C535C0E0092DED8 /* Main.storyboard */,
				3E4CBFE91C535C0E0092DED8 /* Assets.xcassets */,
				3E4CBFEB1C535C0E0092DED8 /* LaunchScreen.storyboard */,
				3E4CBFEE1C535C0E0092DED8 /* Info.plist */,
			);
			path = MovieViewer;
			sourceTree = "<group>";
		};
		3E4CBFF61C5367BF0092DED8 /* Views */ = {
			isa = PBXGroup;
			children = (
				3E92A8941C5E167B00E89E0C /* MovieCell.swift */,
			);
			name = Views;
			sourceTree = "<group>";
		};
		3E4CBFF91C5368010092DED8 /* View Controllers */ = {
			isa = PBXGroup;
			children = (
				3E4CBFF41C535D170092DED8 /* MoviesViewController.swift */,
				3E236F251C604B6F007428EC /* DetailViewController.swift */,
			);
			name = "View Controllers";
			sourceTree = "<group>";
		};
/* End PBXGroup section */

/* Begin PBXNativeTarget section */
		3E4CBFDE1C535C0E0092DED8 /* MovieViewer */ = {
			isa = PBXNativeTarget;
			buildConfigurationList = 3E4CBFF11C535C0E0092DED8 /* Build configuration list for PBXNativeTarget "MovieViewer" */;
			buildPhases = (
				C5E249749806F551134FE804 /* Check Pods Manifest.lock */,
				3E4CBFDB1C535C0E0092DED8 /* Sources */,
				3E4CBFDC1C535C0E0092DED8 /* Frameworks */,
				3E4CBFDD1C535C0E0092DED8 /* Resources */,
				F19DE333ACE83883C34F96D1 /* Embed Pods Frameworks */,
				2ECBFAD1B367208DF08F1DCD /* Copy Pods Resources */,
			);
			buildRules = (
			);
			dependencies = (
			);
			name = MovieViewer;
			productName = MovieViewer;
			productReference = 3E4CBFDF1C535C0E0092DED8 /* MovieViewer.app */;
			productType = "com.apple.product-type.application";
		};
/* End PBXNativeTarget section */

/* Begin PBXProject section */
		3E4CBFD71C535C0E0092DED8 /* Project object */ = {
			isa = PBXProject;
			attributes = {
				LastSwiftUpdateCheck = 0720;
				LastUpgradeCheck = 0720;
				ORGANIZATIONNAME = "Dylan Huang";
				TargetAttributes = {
					3E4CBFDE1C535C0E0092DED8 = {
						CreatedOnToolsVersion = 7.2;
					};
				};
			};
			buildConfigurationList = 3E4CBFDA1C535C0E0092DED8 /* Build configuration list for PBXProject "MovieViewer" */;
			compatibilityVersion = "Xcode 3.2";
			developmentRegion = English;
			hasScannedForEncodings = 0;
			knownRegions = (
				en,
				Base,
			);
			mainGroup = 3E4CBFD61C535C0E0092DED8;
			productRefGroup = 3E4CBFE01C535C0E0092DED8 /* Products */;
			projectDirPath = "";
			projectRoot = "";
			targets = (
				3E4CBFDE1C535C0E0092DED8 /* MovieViewer */,
			);
		};
/* End PBXProject section */

/* Begin PBXResourcesBuildPhase section */
		3E4CBFDD1C535C0E0092DED8 /* Resources */ = {
			isa = PBXResourcesBuildPhase;
			buildActionMask = 2147483647;
			files = (
				3E4CBFED1C535C0E0092DED8 /* LaunchScreen.storyboard in Resources */,
				3E4CBFEA1C535C0E0092DED8 /* Assets.xcassets in Resources */,
				3E4CBFE81C535C0E0092DED8 /* Main.storyboard in Resources */,
			);
			runOnlyForDeploymentPostprocessing = 0;
		};
/* End PBXResourcesBuildPhase section */

/* Begin PBXShellScriptBuildPhase section */
		2ECBFAD1B367208DF08F1DCD /* Copy Pods Resources */ = {
			isa = PBXShellScriptBuildPhase;
			buildActionMask = 2147483647;
			files = (
			);
			inputPaths = (
			);
			name = "Copy Pods Resources";
			outputPaths = (
			);
			runOnlyForDeploymentPostprocessing = 0;
			shellPath = /bin/sh;
			shellScript = "\"${SRCROOT}/Pods/Target Support Files/Pods-MovieViewer/Pods-MovieViewer-resources.sh\"\n";
			showEnvVarsInLog = 0;
		};
		C5E249749806F551134FE804 /* Check Pods Manifest.lock */ = {
			isa = PBXShellScriptBuildPhase;
			buildActionMask = 2147483647;
			files = (
			);
			inputPaths = (
			);
			name = "Check Pods Manifest.lock";
			outputPaths = (
			);
			runOnlyForDeploymentPostprocessing = 0;
			shellPath = /bin/sh;
			shellScript = "diff \"${PODS_ROOT}/../Podfile.lock\" \"${PODS_ROOT}/Manifest.lock\" > /dev/null\nif [[ $? != 0 ]] ; then\n    cat << EOM\nerror: The sandbox is not in sync with the Podfile.lock. Run 'pod install' or update your CocoaPods installation.\nEOM\n    exit 1\nfi\n";
			showEnvVarsInLog = 0;
		};
		F19DE333ACE83883C34F96D1 /* Embed Pods Frameworks */ = {
			isa = PBXShellScriptBuildPhase;
			buildActionMask = 2147483647;
			files = (
			);
			inputPaths = (
			);
			name = "Embed Pods Frameworks";
			outputPaths = (
			);
			runOnlyForDeploymentPostprocessing = 0;
			shellPath = /bin/sh;
			shellScript = "\"${SRCROOT}/Pods/Target Support Files/Pods-MovieViewer/Pods-MovieViewer-frameworks.sh\"\n";
			showEnvVarsInLog = 0;
		};
/* End PBXShellScriptBuildPhase section */

/* Begin PBXSourcesBuildPhase section */
		3E4CBFDB1C535C0E0092DED8 /* Sources */ = {
			isa = PBXSourcesBuildPhase;
			buildActionMask = 2147483647;
			files = (
				3E4CBFE31C535C0E0092DED8 /* AppDelegate.swift in Sources */,
				3E4CBFF51C535D170092DED8 /* MoviesViewController.swift in Sources */,
				3E92A8951C5E167B00E89E0C /* MovieCell.swift in Sources */,
				3E236F261C604B6F007428EC /* DetailViewController.swift in Sources */,
			);
			runOnlyForDeploymentPostprocessing = 0;
		};
/* End PBXSourcesBuildPhase section */

/* Begin PBXVariantGroup section */
		3E4CBFE61C535C0E0092DED8 /* Main.storyboard */ = {
			isa = PBXVariantGroup;
			children = (
				3E4CBFE71C535C0E0092DED8 /* Base */,
			);
			name = Main.storyboard;
			sourceTree = "<group>";
		};
		3E4CBFEB1C535C0E0092DED8 /* LaunchScreen.storyboard */ = {
			isa = PBXVariantGroup;
			children = (
				3E4CBFEC1C535C0E0092DED8 /* Base */,
			);
			name = LaunchScreen.storyboard;
			sourceTree = "<group>";
		};
/* End PBXVariantGroup section */

/* Begin XCBuildConfiguration section */
		3E4CBFEF1C535C0E0092DED8 /* Debug */ = {
			isa = XCBuildConfiguration;
			buildSettings = {
				ALWAYS_SEARCH_USER_PATHS = NO;
				CLANG_CXX_LANGUAGE_STANDARD = "gnu++0x";
				CLANG_CXX_LIBRARY = "libc++";
				CLANG_ENABLE_MODULES = YES;
				CLANG_ENABLE_OBJC_ARC = YES;
				CLANG_WARN_BOOL_CONVERSION = YES;
				CLANG_WARN_CONSTANT_CONVERSION = YES;
				CLANG_WARN_DIRECT_OBJC_ISA_USAGE = YES_ERROR;
				CLANG_WARN_EMPTY_BODY = YES;
				CLANG_WARN_ENUM_CONVERSION = YES;
				CLANG_WARN_INT_CONVERSION = YES;
				CLANG_WARN_OBJC_ROOT_CLASS = YES_ERROR;
				CLANG_WARN_UNREACHABLE_CODE = YES;
				CLANG_WARN__DUPLICATE_METHOD_MATCH = YES;
				"CODE_SIGN_IDENTITY[sdk=iphoneos*]" = "iPhone Developer";
				COPY_PHASE_STRIP = NO;
				DEBUG_INFORMATION_FORMAT = dwarf;
				ENABLE_STRICT_OBJC_MSGSEND = YES;
				ENABLE_TESTABILITY = YES;
				GCC_C_LANGUAGE_STANDARD = gnu99;
				GCC_DYNAMIC_NO_PIC = NO;
				GCC_NO_COMMON_BLOCKS = YES;
				GCC_OPTIMIZATION_LEVEL = 0;
				GCC_PREPROCESSOR_DEFINITIONS = (
					"DEBUG=1",
					"$(inherited)",
				);
				GCC_WARN_64_TO_32_BIT_CONVERSION = YES;
				GCC_WARN_ABOUT_RETURN_TYPE = YES_ERROR;
				GCC_WARN_UNDECLARED_SELECTOR = YES;
				GCC_WARN_UNINITIALIZED_AUTOS = YES_AGGRESSIVE;
				GCC_WARN_UNUSED_FUNCTION = YES;
				GCC_WARN_UNUSED_VARIABLE = YES;
				IPHONEOS_DEPLOYMENT_TARGET = 9.2;
				MTL_ENABLE_DEBUG_INFO = YES;
				ONLY_ACTIVE_ARCH = YES;
				SDKROOT = iphoneos;
				SWIFT_OPTIMIZATION_LEVEL = "-Onone";
				TARGETED_DEVICE_FAMILY = "1,2";
			};
			name = Debug;
		};
		3E4CBFF01C535C0E0092DED8 /* Release */ = {
			isa = XCBuildConfiguration;
			buildSettings = {
				ALWAYS_SEARCH_USER_PATHS = NO;
				CLANG_CXX_LANGUAGE_STANDARD = "gnu++0x";
				CLANG_CXX_LIBRARY = "libc++";
				CLANG_ENABLE_MODULES = YES;
				CLANG_ENABLE_OBJC_ARC = YES;
				CLANG_WARN_BOOL_CONVERSION = YES;
				CLANG_WARN_CONSTANT_CONVERSION = YES;
				CLANG_WARN_DIRECT_OBJC_ISA_USAGE = YES_ERROR;
				CLANG_WARN_EMPTY_BODY = YES;
				CLANG_WARN_ENUM_CONVERSION = YES;
				CLANG_WARN_INT_CONVERSION = YES;
				CLANG_WARN_OBJC_ROOT_CLASS = YES_ERROR;
				CLANG_WARN_UNREACHABLE_CODE = YES;
				CLANG_WARN__DUPLICATE_METHOD_MATCH = YES;
				"CODE_SIGN_IDENTITY[sdk=iphoneos*]" = "iPhone Developer";
				COPY_PHASE_STRIP = NO;
				DEBUG_INFORMATION_FORMAT = "dwarf-with-dsym";
				ENABLE_NS_ASSERTIONS = NO;
				ENABLE_STRICT_OBJC_MSGSEND = YES;
				GCC_C_LANGUAGE_STANDARD = gnu99;
				GCC_NO_COMMON_BLOCKS = YES;
				GCC_WARN_64_TO_32_BIT_CONVERSION = YES;
				GCC_WARN_ABOUT_RETURN_TYPE = YES_ERROR;
				GCC_WARN_UNDECLARED_SELECTOR = YES;
				GCC_WARN_UNINITIALIZED_AUTOS = YES_AGGRESSIVE;
				GCC_WARN_UNUSED_FUNCTION = YES;
				GCC_WARN_UNUSED_VARIABLE = YES;
				IPHONEOS_DEPLOYMENT_TARGET = 9.2;
				MTL_ENABLE_DEBUG_INFO = NO;
				SDKROOT = iphoneos;
				TARGETED_DEVICE_FAMILY = "1,2";
				VALIDATE_PRODUCT = YES;
			};
			name = Release;
		};
		3E4CBFF21C535C0E0092DED8 /* Debug */ = {
			isa = XCBuildConfiguration;
			baseConfigurationReference = D439508F463DE5B0A71CEFBF /* Pods-MovieViewer.debug.xcconfig */;
			buildSettings = {
				ASSETCATALOG_COMPILER_APPICON_NAME = AppIcon;
				INFOPLIST_FILE = MovieViewer/Info.plist;
				LD_RUNPATH_SEARCH_PATHS = "$(inherited) @executable_path/Frameworks";
				PRODUCT_BUNDLE_IDENTIFIER = dphuang2.MovieViewer;
				PRODUCT_NAME = "$(TARGET_NAME)";
			};
			name = Debug;
		};
		3E4CBFF31C535C0E0092DED8 /* Release */ = {
			isa = XCBuildConfiguration;
			baseConfigurationReference = 603F2B75D58669D588433E68 /* Pods-MovieViewer.release.xcconfig */;
			buildSettings = {
				ASSETCATALOG_COMPILER_APPICON_NAME = AppIcon;
				INFOPLIST_FILE = MovieViewer/Info.plist;
				LD_RUNPATH_SEARCH_PATHS = "$(inherited) @executable_path/Frameworks";
				PRODUCT_BUNDLE_IDENTIFIER = dphuang2.MovieViewer;
				PRODUCT_NAME = "$(TARGET_NAME)";
			};
			name = Release;
		};
/* End XCBuildConfiguration section */

/* Begin XCConfigurationList section */
		3E4CBFDA1C535C0E0092DED8 /* Build configuration list for PBXProject "MovieViewer" */ = {
			isa = XCConfigurationList;
			buildConfigurations = (
				3E4CBFEF1C535C0E0092DED8 /* Debug */,
				3E4CBFF01C535C0E0092DED8 /* Release */,
			);
			defaultConfigurationIsVisible = 0;
			defaultConfigurationName = Release;
		};
		3E4CBFF11C535C0E0092DED8 /* Build configuration list for PBXNativeTarget "MovieViewer" */ = {
			isa = XCConfigurationList;
			buildConfigurations = (
				3E4CBFF21C535C0E0092DED8 /* Debug */,
				3E4CBFF31C535C0E0092DED8 /* Release */,
			);
			defaultConfigurationIsVisible = 0;
			defaultConfigurationName = Release;
		};
/* End XCConfigurationList section */
	};
	rootObject = 3E4CBFD71C535C0E0092DED8 /* Project object */;
}
